
Microsoft Visual Studio Solution File, Format Version 12.00
# Visual Studio Version 16
VisualStudioVersion = 16.0.29709.97
MinimumVisualStudioVersion = 10.0.40219.1
Project("{FAE04EC0-301F-11D3-BF4B-00C04F79EFBC}") = "T2_conversieBinara", "T2_conversieBinara\T2_conversieBinara.csproj", "{2E55FB27-A663-472D-9D00-FECEC0EBFDAB}"
EndProject
Global
	GlobalSection(SolutionConfigurationPlatforms) = preSolution
		Debug|Any CPU = Debug|Any CPU
		Release|Any CPU = Release|Any CPU
	EndGlobalSection
	GlobalSection(ProjectConfigurationPlatforms) = postSolution
		{2E55FB27-A663-472D-9D00-FECEC0EBFDAB}.Debug|Any CPU.ActiveCfg = Debug|Any CPU
		{2E55FB27-A663-472D-9D00-FECEC0EBFDAB}.Debug|Any CPU.Build.0 = Debug|Any CPU
		{2E55FB27-A663-472D-9D00-FECEC0EBFDAB}.Release|Any CPU.ActiveCfg = Release|Any CPU
		{2E55FB27-A663-472D-9D00-FECEC0EBFDAB}.Release|Any CPU.Build.0 = Release|Any CPU
	EndGlobalSection
	GlobalSection(SolutionProperties) = preSolution
		HideSolutionNode = FALSE
	EndGlobalSection
	GlobalSection(ExtensibilityGlobals) = postSolution
		SolutionGuid = {818567FA-EBB3-4FA4-8D2B-7AF02179ECFB}
	EndGlobalSection
EndGlobal
