
Microsoft Visual Studio Solution File, Format Version 12.00
# Visual Studio Version 16
VisualStudioVersion = 16.0.29709.97
MinimumVisualStudioVersion = 10.0.40219.1
Project("{FAE04EC0-301F-11D3-BF4B-00C04F79EFBC}") = "Conversie", "Conversie\Conversie.csproj", "{2437DD05-41E9-4D70-A52D-FB42521EB7B9}"
EndProject
Global
	GlobalSection(SolutionConfigurationPlatforms) = preSolution
		Debug|Any CPU = Debug|Any CPU
		Release|Any CPU = Release|Any CPU
	EndGlobalSection
	GlobalSection(ProjectConfigurationPlatforms) = postSolution
		{2437DD05-41E9-4D70-A52D-FB42521EB7B9}.Debug|Any CPU.ActiveCfg = Debug|Any CPU
		{2437DD05-41E9-4D70-A52D-FB42521EB7B9}.Debug|Any CPU.Build.0 = Debug|Any CPU
		{2437DD05-41E9-4D70-A52D-FB42521EB7B9}.Release|Any CPU.ActiveCfg = Release|Any CPU
		{2437DD05-41E9-4D70-A52D-FB42521EB7B9}.Release|Any CPU.Build.0 = Release|Any CPU
	EndGlobalSection
	GlobalSection(SolutionProperties) = preSolution
		HideSolutionNode = FALSE
	EndGlobalSection
	GlobalSection(ExtensibilityGlobals) = postSolution
		SolutionGuid = {E2DDEE48-4E48-4A85-9BE8-AE406E1B8678}
	EndGlobalSection
EndGlobal
